Microsoft Visual Studio Solution File, Format Version 12.00
# Visual Studio Version 16
VisualStudioVersion = 16.0.28315.86
MinimumVisualStudioVersion = 10.0.40219.1
Project("{2150E333-8FDC-42A3-9474-1A3956D46DE8}") = "Flax", "Flax", "{B36B0142-E859-417E-9CA3-2800F4503429}"
EndProject
Project("{2150E333-8FDC-42A3-9474-1A3956D46DE8}") = "Tools", "Tools", "{EFABBD5D-2086-47F4-B15F-2B4C6E3B5EC4}"
EndProject
Project("{FAE04EC0-301F-11D3-BF4B-00C04F79EFBC}") = "Game", "Source\Game.csproj", "{41060336-CD25-4CD2-8C78-F95C815CD142}"
	ProjectSection(ProjectDependencies) = postProject
		{D229445F-0F80-4229-9A91-5EEF13ED28CF} = {D229445F-0F80-4229-9A91-5EEF13ED28CF}
	EndProjectSection
EndProject
Project("{FAE04EC0-301F-11D3-BF4B-00C04F79EFBC}") = "FlaxEngine", "Cache\Projects\FlaxEngine.csproj", "{D229445F-0F80-4229-9A91-5EEF13ED28CF}"
EndProject
Project("{FAE04EC0-301F-11D3-BF4B-00C04F79EFBC}") = "Flax.Build", "..\FlaxEngineBis\Source\Tools\Flax.Build\Flax.Build.csproj", "{C99AAF92-D4AD-4847-9EE0-B11E68E93E1E}"
EndProject
Project("{FAE04EC0-301F-11D3-BF4B-00C04F79EFBC}") = "Flax.Build.Tests", "..\FlaxEngineBis\Source\Tools\Flax.Build.Tests\Flax.Build.Tests.csproj", "{3FB235A6-ADFF-415E-92B8-E810DA981A02}"
EndProject
Project("{FAE04EC0-301F-11D3-BF4B-00C04F79EFBC}") = "Flax.Stats", "..\FlaxEngineBis\Source\Tools\Flax.Stats\Flax.Stats.csproj", "{E9B47E88-802C-45E4-BFF4-F05A6F991BC9}"
EndProject
Project("{FAE04EC0-301F-11D3-BF4B-00C04F79EFBC}") = "FlaxEngine.Tests", "..\FlaxEngineBis\Source\Tools\FlaxEngine.Tests\FlaxEngine.Tests.csproj", "{4AAED6A2-38B1-4A31-AB04-9264A94A8ECA}"
EndProject
Project("{FAE04EC0-301F-11D3-BF4B-00C04F79EFBC}") = "BuildScripts", "Cache\Projects\BuildScripts.csproj", "{6221A2BF-4782-4B69-8873-C0D517EE9194}"
EndProject
Global
	GlobalSection(SolutionConfigurationPlatforms) = preSolution
		Debug|Any CPU = Debug|Any CPU
		Debug|UWP_x64 = Debug|UWP_x64
		Debug|Win32 = Debug|Win32
		Debug|Win64 = Debug|Win64
		Debug|XboxOne = Debug|XboxOne
		Editor.Debug|Any CPU = Editor.Debug|Any CPU
		Editor.Debug|UWP_x64 = Editor.Debug|UWP_x64
		Editor.Debug|Win32 = Editor.Debug|Win32
		Editor.Debug|Win64 = Editor.Debug|Win64
		Editor.Debug|XboxOne = Editor.Debug|XboxOne
		Editor.Development|Any CPU = Editor.Development|Any CPU
		Editor.Development|UWP_x64 = Editor.Development|UWP_x64
		Editor.Development|Win32 = Editor.Development|Win32
		Editor.Development|Win64 = Editor.Development|Win64
		Editor.Development|XboxOne = Editor.Development|XboxOne
		Editor.Release|Any CPU = Editor.Release|Any CPU
		Editor.Release|UWP_x64 = Editor.Release|UWP_x64
		Editor.Release|Win32 = Editor.Release|Win32
		Editor.Release|Win64 = Editor.Release|Win64
		Editor.Release|XboxOne = Editor.Release|XboxOne
		Game.Debug|Any CPU = Game.Debug|Any CPU
		Game.Debug|UWP_x64 = Game.Debug|UWP_x64
		Game.Debug|Win32 = Game.Debug|Win32
		Game.Debug|Win64 = Game.Debug|Win64
		Game.Debug|XboxOne = Game.Debug|XboxOne
		Game.Development|Any CPU = Game.Development|Any CPU
		Game.Development|UWP_x64 = Game.Development|UWP_x64
		Game.Development|Win32 = Game.Development|Win32
		Game.Development|Win64 = Game.Development|Win64
		Game.Development|XboxOne = Game.Development|XboxOne
		Game.Release|Any CPU = Game.Release|Any CPU
		Game.Release|UWP_x64 = Game.Release|UWP_x64
		Game.Release|Win32 = Game.Release|Win32
		Game.Release|Win64 = Game.Release|Win64
		Game.Release|XboxOne = Game.Release|XboxOne
		Release|Any CPU = Release|Any CPU
		Release|UWP_x64 = Release|UWP_x64
		Release|Win32 = Release|Win32
		Release|Win64 = Release|Win64
		Release|XboxOne = Release|XboxOne
	EndGlobalSection
	GlobalSection(ProjectConfigurationPlatforms) = postSolution
		{41060336-CD25-4CD2-8C78-F95C815CD142}.Debug|Any CPU.ActiveCfg = Editor.Windows.Debug|x64
		{41060336-CD25-4CD2-8C78-F95C815CD142}.Debug|UWP_x64.ActiveCfg = Game.UWP.Debug|x64
		{41060336-CD25-4CD2-8C78-F95C815CD142}.Debug|Win32.ActiveCfg = Game.Windows.Debug|Win32
		{41060336-CD25-4CD2-8C78-F95C815CD142}.Debug|Win64.ActiveCfg = Editor.Windows.Debug|x64
		{41060336-CD25-4CD2-8C78-F95C815CD142}.Debug|XboxOne.ActiveCfg = Game.XboxOne.Debug|x64
		{41060336-CD25-4CD2-8C78-F95C815CD142}.Editor.Debug|Any CPU.ActiveCfg = Editor.Windows.Debug|x64
		{41060336-CD25-4CD2-8C78-F95C815CD142}.Editor.Debug|UWP_x64.ActiveCfg = Game.UWP.Debug|x64
		{41060336-CD25-4CD2-8C78-F95C815CD142}.Editor.Debug|Win32.ActiveCfg = Game.Windows.Debug|Win32
		{41060336-CD25-4CD2-8C78-F95C815CD142}.Editor.Debug|Win64.ActiveCfg = Editor.Windows.Debug|x64
		{41060336-CD25-4CD2-8C78-F95C815CD142}.Editor.Debug|Win64.Build.0 = Editor.Windows.Debug|x64
		{41060336-CD25-4CD2-8C78-F95C815CD142}.Editor.Debug|XboxOne.ActiveCfg = Game.XboxOne.Debug|x64
		{41060336-CD25-4CD2-8C78-F95C815CD142}.Editor.Development|Any CPU.ActiveCfg = Editor.Windows.Debug|x64
		{41060336-CD25-4CD2-8C78-F95C815CD142}.Editor.Development|UWP_x64.ActiveCfg = Game.UWP.Debug|x64
		{41060336-CD25-4CD2-8C78-F95C815CD142}.Editor.Development|Win32.ActiveCfg = Game.Windows.Debug|Win32
		{41060336-CD25-4CD2-8C78-F95C815CD142}.Editor.Development|Win64.ActiveCfg = Editor.Windows.Development|x64
		{41060336-CD25-4CD2-8C78-F95C815CD142}.Editor.Development|Win64.Build.0 = Editor.Windows.Development|x64
		{41060336-CD25-4CD2-8C78-F95C815CD142}.Editor.Development|XboxOne.ActiveCfg = Game.XboxOne.Debug|x64
		{41060336-CD25-4CD2-8C78-F95C815CD142}.Editor.Release|Any CPU.ActiveCfg = Editor.Windows.Debug|x64
		{41060336-CD25-4CD2-8C78-F95C815CD142}.Editor.Release|UWP_x64.ActiveCfg = Game.UWP.Debug|x64
		{41060336-CD25-4CD2-8C78-F95C815CD142}.Editor.Release|Win32.ActiveCfg = Game.Windows.Debug|Win32
		{41060336-CD25-4CD2-8C78-F95C815CD142}.Editor.Release|Win64.ActiveCfg = Editor.Windows.Release|x64
		{41060336-CD25-4CD2-8C78-F95C815CD142}.Editor.Release|Win64.Build.0 = Editor.Windows.Release|x64
		{41060336-CD25-4CD2-8C78-F95C815CD142}.Editor.Release|XboxOne.ActiveCfg = Game.XboxOne.Debug|x64
		{41060336-CD25-4CD2-8C78-F95C815CD142}.Game.Debug|Any CPU.ActiveCfg = Editor.Windows.Debug|x64
		{41060336-CD25-4CD2-8C78-F95C815CD142}.Game.Debug|UWP_x64.ActiveCfg = Game.UWP.Debug|x64
		{41060336-CD25-4CD2-8C78-F95C815CD142}.Game.Debug|UWP_x64.Build.0 = Game.UWP.Debug|x64
		{41060336-CD25-4CD2-8C78-F95C815CD142}.Game.Debug|Win32.ActiveCfg = Game.Windows.Debug|Win32
		{41060336-CD25-4CD2-8C78-F95C815CD142}.Game.Debug|Win32.Build.0 = Game.Windows.Debug|Win32
		{41060336-CD25-4CD2-8C78-F95C815CD142}.Game.Debug|Win64.ActiveCfg = Game.Windows.Debug|x64
		{41060336-CD25-4CD2-8C78-F95C815CD142}.Game.Debug|Win64.Build.0 = Game.Windows.Debug|x64
		{41060336-CD25-4CD2-8C78-F95C815CD142}.Game.Debug|XboxOne.ActiveCfg = Game.XboxOne.Debug|x64
		{41060336-CD25-4CD2-8C78-F95C815CD142}.Game.Debug|XboxOne.Build.0 = Game.XboxOne.Debug|x64
		{41060336-CD25-4CD2-8C78-F95C815CD142}.Game.Development|Any CPU.ActiveCfg = Editor.Windows.Debug|x64
		{41060336-CD25-4CD2-8C78-F95C815CD142}.Game.Development|UWP_x64.ActiveCfg = Game.UWP.Development|x64
		{41060336-CD25-4CD2-8C78-F95C815CD142}.Game.Development|UWP_x64.Build.0 = Game.UWP.Development|x64
		{41060336-CD25-4CD2-8C78-F95C815CD142}.Game.Development|Win32.ActiveCfg = Game.Windows.Development|Win32
		{41060336-CD25-4CD2-8C78-F95C815CD142}.Game.Development|Win32.Build.0 = Game.Windows.Development|Win32
		{41060336-CD25-4CD2-8C78-F95C815CD142}.Game.Development|Win64.ActiveCfg = Game.Windows.Development|x64
		{41060336-CD25-4CD2-8C78-F95C815CD142}.Game.Development|Win64.Build.0 = Game.Windows.Development|x64
		{41060336-CD25-4CD2-8C78-F95C815CD142}.Game.Development|XboxOne.ActiveCfg = Game.XboxOne.Development|x64
		{41060336-CD25-4CD2-8C78-F95C815CD142}.Game.Development|XboxOne.Build.0 = Game.XboxOne.Development|x64
		{41060336-CD25-4CD2-8C78-F95C815CD142}.Game.Release|Any CPU.ActiveCfg = Editor.Windows.Debug|x64
		{41060336-CD25-4CD2-8C78-F95C815CD142}.Game.Release|UWP_x64.ActiveCfg = Game.UWP.Release|x64
		{41060336-CD25-4CD2-8C78-F95C815CD142}.Game.Release|UWP_x64.Build.0 = Game.UWP.Release|x64
		{41060336-CD25-4CD2-8C78-F95C815CD142}.Game.Release|Win32.ActiveCfg = Game.Windows.Release|Win32
		{41060336-CD25-4CD2-8C78-F95C815CD142}.Game.Release|Win32.Build.0 = Game.Windows.Release|Win32
		{41060336-CD25-4CD2-8C78-F95C815CD142}.Game.Release|Win64.ActiveCfg = Game.Windows.Release|x64
		{41060336-CD25-4CD2-8C78-F95C815CD142}.Game.Release|Win64.Build.0 = Game.Windows.Release|x64
		{41060336-CD25-4CD2-8C78-F95C815CD142}.Game.Release|XboxOne.ActiveCfg = Game.XboxOne.Release|x64
		{41060336-CD25-4CD2-8C78-F95C815CD142}.Game.Release|XboxOne.Build.0 = Game.XboxOne.Release|x64
		{41060336-CD25-4CD2-8C78-F95C815CD142}.Release|Any CPU.ActiveCfg = Editor.Windows.Debug|x64
		{41060336-CD25-4CD2-8C78-F95C815CD142}.Release|UWP_x64.ActiveCfg = Game.UWP.Debug|x64
		{41060336-CD25-4CD2-8C78-F95C815CD142}.Release|Win32.ActiveCfg = Game.Windows.Debug|Win32
		{41060336-CD25-4CD2-8C78-F95C815CD142}.Release|Win64.ActiveCfg = Editor.Windows.Debug|x64
		{41060336-CD25-4CD2-8C78-F95C815CD142}.Release|XboxOne.ActiveCfg = Game.XboxOne.Debug|x64
		{D229445F-0F80-4229-9A91-5EEF13ED28CF}.Debug|Any CPU.ActiveCfg = Editor.Windows.Debug|x64
		{D229445F-0F80-4229-9A91-5EEF13ED28CF}.Debug|UWP_x64.ActiveCfg = Game.UWP.Debug|x64
		{D229445F-0F80-4229-9A91-5EEF13ED28CF}.Debug|Win32.ActiveCfg = Game.Windows.Debug|Win32
		{D229445F-0F80-4229-9A91-5EEF13ED28CF}.Debug|Win64.ActiveCfg = Editor.Windows.Debug|x64
		{D229445F-0F80-4229-9A91-5EEF13ED28CF}.Debug|XboxOne.ActiveCfg = Game.XboxOne.Debug|x64
		{D229445F-0F80-4229-9A91-5EEF13ED28CF}.Editor.Debug|Any CPU.ActiveCfg = Editor.Windows.Debug|x64
		{D229445F-0F80-4229-9A91-5EEF13ED28CF}.Editor.Debug|UWP_x64.ActiveCfg = Game.UWP.Debug|x64
		{D229445F-0F80-4229-9A91-5EEF13ED28CF}.Editor.Debug|Win32.ActiveCfg = Game.Windows.Debug|Win32
		{D229445F-0F80-4229-9A91-5EEF13ED28CF}.Editor.Debug|Win64.ActiveCfg = Editor.Windows.Debug|x64
		{D229445F-0F80-4229-9A91-5EEF13ED28CF}.Editor.Debug|XboxOne.ActiveCfg = Game.XboxOne.Debug|x64
		{D229445F-0F80-4229-9A91-5EEF13ED28CF}.Editor.Development|Any CPU.ActiveCfg = Editor.Windows.Debug|x64
		{D229445F-0F80-4229-9A91-5EEF13ED28CF}.Editor.Development|UWP_x64.ActiveCfg = Game.UWP.Debug|x64
		{D229445F-0F80-4229-9A91-5EEF13ED28CF}.Editor.Development|Win32.ActiveCfg = Game.Windows.Debug|Win32
		{D229445F-0F80-4229-9A91-5EEF13ED28CF}.Editor.Development|Win64.ActiveCfg = Editor.Windows.Development|x64
		{D229445F-0F80-4229-9A91-5EEF13ED28CF}.Editor.Development|XboxOne.ActiveCfg = Game.XboxOne.Debug|x64
		{D229445F-0F80-4229-9A91-5EEF13ED28CF}.Editor.Release|Any CPU.ActiveCfg = Editor.Windows.Debug|x64
		{D229445F-0F80-4229-9A91-5EEF13ED28CF}.Editor.Release|UWP_x64.ActiveCfg = Game.UWP.Debug|x64
		{D229445F-0F80-4229-9A91-5EEF13ED28CF}.Editor.Release|Win32.ActiveCfg = Game.Windows.Debug|Win32
		{D229445F-0F80-4229-9A91-5EEF13ED28CF}.Editor.Release|Win64.ActiveCfg = Editor.Windows.Release|x64
		{D229445F-0F80-4229-9A91-5EEF13ED28CF}.Editor.Release|XboxOne.ActiveCfg = Game.XboxOne.Debug|x64
		{D229445F-0F80-4229-9A91-5EEF13ED28CF}.Game.Debug|Any CPU.ActiveCfg = Editor.Windows.Debug|x64
		{D229445F-0F80-4229-9A91-5EEF13ED28CF}.Game.Debug|UWP_x64.ActiveCfg = Game.UWP.Debug|x64
		{D229445F-0F80-4229-9A91-5EEF13ED28CF}.Game.Debug|Win32.ActiveCfg = Game.Windows.Debug|Win32
		{D229445F-0F80-4229-9A91-5EEF13ED28CF}.Game.Debug|Win64.ActiveCfg = Game.Windows.Debug|x64
		{D229445F-0F80-4229-9A91-5EEF13ED28CF}.Game.Debug|XboxOne.ActiveCfg = Game.XboxOne.Debug|x64
		{D229445F-0F80-4229-9A91-5EEF13ED28CF}.Game.Development|Any CPU.ActiveCfg = Editor.Windows.Debug|x64
		{D229445F-0F80-4229-9A91-5EEF13ED28CF}.Game.Development|UWP_x64.ActiveCfg = Game.UWP.Development|x64
		{D229445F-0F80-4229-9A91-5EEF13ED28CF}.Game.Development|Win32.ActiveCfg = Game.Windows.Development|Win32
		{D229445F-0F80-4229-9A91-5EEF13ED28CF}.Game.Development|Win64.ActiveCfg = Game.Windows.Development|x64
		{D229445F-0F80-4229-9A91-5EEF13ED28CF}.Game.Development|XboxOne.ActiveCfg = Game.XboxOne.Development|x64
		{D229445F-0F80-4229-9A91-5EEF13ED28CF}.Game.Release|Any CPU.ActiveCfg = Editor.Windows.Debug|x64
		{D229445F-0F80-4229-9A91-5EEF13ED28CF}.Game.Release|UWP_x64.ActiveCfg = Game.UWP.Release|x64
		{D229445F-0F80-4229-9A91-5EEF13ED28CF}.Game.Release|Win32.ActiveCfg = Game.Windows.Release|Win32
		{D229445F-0F80-4229-9A91-5EEF13ED28CF}.Game.Release|Win64.ActiveCfg = Game.Windows.Release|x64
		{D229445F-0F80-4229-9A91-5EEF13ED28CF}.Game.Release|XboxOne.ActiveCfg = Game.XboxOne.Release|x64
		{D229445F-0F80-4229-9A91-5EEF13ED28CF}.Release|Any CPU.ActiveCfg = Editor.Windows.Debug|x64
		{D229445F-0F80-4229-9A91-5EEF13ED28CF}.Release|UWP_x64.ActiveCfg = Game.UWP.Debug|x64
		{D229445F-0F80-4229-9A91-5EEF13ED28CF}.Release|Win32.ActiveCfg = Game.Windows.Debug|Win32
		{D229445F-0F80-4229-9A91-5EEF13ED28CF}.Release|Win64.ActiveCfg = Editor.Windows.Debug|x64
		{D229445F-0F80-4229-9A91-5EEF13ED28CF}.Release|XboxOne.ActiveCfg = Game.XboxOne.Debug|x64
		{C99AAF92-D4AD-4847-9EE0-B11E68E93E1E}.Debug|Any CPU.ActiveCfg = Debug|Any CPU
		{C99AAF92-D4AD-4847-9EE0-B11E68E93E1E}.Debug|UWP_x64.ActiveCfg = Debug|Any CPU
		{C99AAF92-D4AD-4847-9EE0-B11E68E93E1E}.Debug|Win32.ActiveCfg = Debug|Any CPU
		{C99AAF92-D4AD-4847-9EE0-B11E68E93E1E}.Debug|Win64.ActiveCfg = Debug|Any CPU
		{C99AAF92-D4AD-4847-9EE0-B11E68E93E1E}.Debug|XboxOne.ActiveCfg = Debug|Any CPU
		{C99AAF92-D4AD-4847-9EE0-B11E68E93E1E}.Editor.Debug|Any CPU.ActiveCfg = Debug|Any CPU
		{C99AAF92-D4AD-4847-9EE0-B11E68E93E1E}.Editor.Debug|UWP_x64.ActiveCfg = Debug|Any CPU
		{C99AAF92-D4AD-4847-9EE0-B11E68E93E1E}.Editor.Debug|Win32.ActiveCfg = Debug|Any CPU
		{C99AAF92-D4AD-4847-9EE0-B11E68E93E1E}.Editor.Debug|Win64.ActiveCfg = Debug|Any CPU
		{C99AAF92-D4AD-4847-9EE0-B11E68E93E1E}.Editor.Debug|XboxOne.ActiveCfg = Debug|Any CPU
		{C99AAF92-D4AD-4847-9EE0-B11E68E93E1E}.Editor.Development|Any CPU.ActiveCfg = Debug|Any CPU
		{C99AAF92-D4AD-4847-9EE0-B11E68E93E1E}.Editor.Development|UWP_x64.ActiveCfg = Debug|Any CPU
		{C99AAF92-D4AD-4847-9EE0-B11E68E93E1E}.Editor.Development|Win32.ActiveCfg = Debug|Any CPU
		{C99AAF92-D4AD-4847-9EE0-B11E68E93E1E}.Editor.Development|Win64.ActiveCfg = Debug|Any CPU
		{C99AAF92-D4AD-4847-9EE0-B11E68E93E1E}.Editor.Development|XboxOne.ActiveCfg = Debug|Any CPU
		{C99AAF92-D4AD-4847-9EE0-B11E68E93E1E}.Editor.Release|Any CPU.ActiveCfg = Debug|Any CPU
		{C99AAF92-D4AD-4847-9EE0-B11E68E93E1E}.Editor.Release|UWP_x64.ActiveCfg = Debug|Any CPU
		{C99AAF92-D4AD-4847-9EE0-B11E68E93E1E}.Editor.Release|Win32.ActiveCfg = Debug|Any CPU
		{C99AAF92-D4AD-4847-9EE0-B11E68E93E1E}.Editor.Release|Win64.ActiveCfg = Debug|Any CPU
		{C99AAF92-D4AD-4847-9EE0-B11E68E93E1E}.Editor.Release|XboxOne.ActiveCfg = Debug|Any CPU
		{C99AAF92-D4AD-4847-9EE0-B11E68E93E1E}.Game.Debug|Any CPU.ActiveCfg = Debug|Any CPU
		{C99AAF92-D4AD-4847-9EE0-B11E68E93E1E}.Game.Debug|UWP_x64.ActiveCfg = Debug|Any CPU
		{C99AAF92-D4AD-4847-9EE0-B11E68E93E1E}.Game.Debug|Win32.ActiveCfg = Debug|Any CPU
		{C99AAF92-D4AD-4847-9EE0-B11E68E93E1E}.Game.Debug|Win64.ActiveCfg = Debug|Any CPU
		{C99AAF92-D4AD-4847-9EE0-B11E68E93E1E}.Game.Debug|XboxOne.ActiveCfg = Debug|Any CPU
		{C99AAF92-D4AD-4847-9EE0-B11E68E93E1E}.Game.Development|Any CPU.ActiveCfg = Debug|Any CPU
		{C99AAF92-D4AD-4847-9EE0-B11E68E93E1E}.Game.Development|UWP_x64.ActiveCfg = Debug|Any CPU
		{C99AAF92-D4AD-4847-9EE0-B11E68E93E1E}.Game.Development|Win32.ActiveCfg = Debug|Any CPU
		{C99AAF92-D4AD-4847-9EE0-B11E68E93E1E}.Game.Development|Win64.ActiveCfg = Debug|Any CPU
		{C99AAF92-D4AD-4847-9EE0-B11E68E93E1E}.Game.Development|XboxOne.ActiveCfg = Debug|Any CPU
		{C99AAF92-D4AD-4847-9EE0-B11E68E93E1E}.Game.Release|Any CPU.ActiveCfg = Debug|Any CPU
		{C99AAF92-D4AD-4847-9EE0-B11E68E93E1E}.Game.Release|UWP_x64.ActiveCfg = Debug|Any CPU
		{C99AAF92-D4AD-4847-9EE0-B11E68E93E1E}.Game.Release|Win32.ActiveCfg = Debug|Any CPU
		{C99AAF92-D4AD-4847-9EE0-B11E68E93E1E}.Game.Release|Win64.ActiveCfg = Debug|Any CPU
		{C99AAF92-D4AD-4847-9EE0-B11E68E93E1E}.Game.Release|XboxOne.ActiveCfg = Debug|Any CPU
		{C99AAF92-D4AD-4847-9EE0-B11E68E93E1E}.Release|Any CPU.ActiveCfg = Release|Any CPU
		{C99AAF92-D4AD-4847-9EE0-B11E68E93E1E}.Release|UWP_x64.ActiveCfg = Debug|Any CPU
		{C99AAF92-D4AD-4847-9EE0-B11E68E93E1E}.Release|Win32.ActiveCfg = Debug|Any CPU
		{C99AAF92-D4AD-4847-9EE0-B11E68E93E1E}.Release|Win64.ActiveCfg = Debug|Any CPU
		{C99AAF92-D4AD-4847-9EE0-B11E68E93E1E}.Release|XboxOne.ActiveCfg = Debug|Any CPU
		{3FB235A6-ADFF-415E-92B8-E810DA981A02}.Debug|Any CPU.ActiveCfg = Debug|Any CPU
		{3FB235A6-ADFF-415E-92B8-E810DA981A02}.Debug|UWP_x64.ActiveCfg = Debug|Any CPU
		{3FB235A6-ADFF-415E-92B8-E810DA981A02}.Debug|Win32.ActiveCfg = Debug|Any CPU
		{3FB235A6-ADFF-415E-92B8-E810DA981A02}.Debug|Win64.ActiveCfg = Debug|Any CPU
		{3FB235A6-ADFF-415E-92B8-E810DA981A02}.Debug|XboxOne.ActiveCfg = Debug|Any CPU
		{3FB235A6-ADFF-415E-92B8-E810DA981A02}.Editor.Debug|Any CPU.ActiveCfg = Debug|Any CPU
		{3FB235A6-ADFF-415E-92B8-E810DA981A02}.Editor.Debug|UWP_x64.ActiveCfg = Debug|Any CPU
		{3FB235A6-ADFF-415E-92B8-E810DA981A02}.Editor.Debug|Win32.ActiveCfg = Debug|Any CPU
		{3FB235A6-ADFF-415E-92B8-E810DA981A02}.Editor.Debug|Win64.ActiveCfg = Debug|Any CPU
		{3FB235A6-ADFF-415E-92B8-E810DA981A02}.Editor.Debug|XboxOne.ActiveCfg = Debug|Any CPU
		{3FB235A6-ADFF-415E-92B8-E810DA981A02}.Editor.Development|Any CPU.ActiveCfg = Debug|Any CPU
		{3FB235A6-ADFF-415E-92B8-E810DA981A02}.Editor.Development|UWP_x64.ActiveCfg = Debug|Any CPU
		{3FB235A6-ADFF-415E-92B8-E810DA981A02}.Editor.Development|Win32.ActiveCfg = Debug|Any CPU
		{3FB235A6-ADFF-415E-92B8-E810DA981A02}.Editor.Development|Win64.ActiveCfg = Debug|Any CPU
		{3FB235A6-ADFF-415E-92B8-E810DA981A02}.Editor.Development|XboxOne.ActiveCfg = Debug|Any CPU
		{3FB235A6-ADFF-415E-92B8-E810DA981A02}.Editor.Release|Any CPU.ActiveCfg = Debug|Any CPU
		{3FB235A6-ADFF-415E-92B8-E810DA981A02}.Editor.Release|UWP_x64.ActiveCfg = Debug|Any CPU
		{3FB235A6-ADFF-415E-92B8-E810DA981A02}.Editor.Release|Win32.ActiveCfg = Debug|Any CPU
		{3FB235A6-ADFF-415E-92B8-E810DA981A02}.Editor.Release|Win64.ActiveCfg = Debug|Any CPU
		{3FB235A6-ADFF-415E-92B8-E810DA981A02}.Editor.Release|XboxOne.ActiveCfg = Debug|Any CPU
		{3FB235A6-ADFF-415E-92B8-E810DA981A02}.Game.Debug|Any CPU.ActiveCfg = Debug|Any CPU
		{3FB235A6-ADFF-415E-92B8-E810DA981A02}.Game.Debug|UWP_x64.ActiveCfg = Debug|Any CPU
		{3FB235A6-ADFF-415E-92B8-E810DA981A02}.Game.Debug|Win32.ActiveCfg = Debug|Any CPU
		{3FB235A6-ADFF-415E-92B8-E810DA981A02}.Game.Debug|Win64.ActiveCfg = Debug|Any CPU
		{3FB235A6-ADFF-415E-92B8-E810DA981A02}.Game.Debug|XboxOne.ActiveCfg = Debug|Any CPU
		{3FB235A6-ADFF-415E-92B8-E810DA981A02}.Game.Development|Any CPU.ActiveCfg = Debug|Any CPU
		{3FB235A6-ADFF-415E-92B8-E810DA981A02}.Game.Development|UWP_x64.ActiveCfg = Debug|Any CPU
		{3FB235A6-ADFF-415E-92B8-E810DA981A02}.Game.Development|Win32.ActiveCfg = Debug|Any CPU
		{3FB235A6-ADFF-415E-92B8-E810DA981A02}.Game.Development|Win64.ActiveCfg = Debug|Any CPU
		{3FB235A6-ADFF-415E-92B8-E810DA981A02}.Game.Development|XboxOne.ActiveCfg = Debug|Any CPU
		{3FB235A6-ADFF-415E-92B8-E810DA981A02}.Game.Release|Any CPU.ActiveCfg = Debug|Any CPU
		{3FB235A6-ADFF-415E-92B8-E810DA981A02}.Game.Release|UWP_x64.ActiveCfg = Debug|Any CPU
		{3FB235A6-ADFF-415E-92B8-E810DA981A02}.Game.Release|Win32.ActiveCfg = Debug|Any CPU
		{3FB235A6-ADFF-415E-92B8-E810DA981A02}.Game.Release|Win64.ActiveCfg = Debug|Any CPU
		{3FB235A6-ADFF-415E-92B8-E810DA981A02}.Game.Release|XboxOne.ActiveCfg = Debug|Any CPU
		{3FB235A6-ADFF-415E-92B8-E810DA981A02}.Release|Any CPU.ActiveCfg = Release|Any CPU
		{3FB235A6-ADFF-415E-92B8-E810DA981A02}.Release|UWP_x64.ActiveCfg = Debug|Any CPU
		{3FB235A6-ADFF-415E-92B8-E810DA981A02}.Release|Win32.ActiveCfg = Debug|Any CPU
		{3FB235A6-ADFF-415E-92B8-E810DA981A02}.Release|Win64.ActiveCfg = Debug|Any CPU
		{3FB235A6-ADFF-415E-92B8-E810DA981A02}.Release|XboxOne.ActiveCfg = Debug|Any CPU
		{E9B47E88-802C-45E4-BFF4-F05A6F991BC9}.Debug|Any CPU.ActiveCfg = Debug|Any CPU
		{E9B47E88-802C-45E4-BFF4-F05A6F991BC9}.Debug|UWP_x64.ActiveCfg = Debug|Any CPU
		{E9B47E88-802C-45E4-BFF4-F05A6F991BC9}.Debug|Win32.ActiveCfg = Debug|Any CPU
		{E9B47E88-802C-45E4-BFF4-F05A6F991BC9}.Debug|Win64.ActiveCfg = Debug|Any CPU
		{E9B47E88-802C-45E4-BFF4-F05A6F991BC9}.Debug|XboxOne.ActiveCfg = Debug|Any CPU
		{E9B47E88-802C-45E4-BFF4-F05A6F991BC9}.Editor.Debug|Any CPU.ActiveCfg = Debug|Any CPU
		{E9B47E88-802C-45E4-BFF4-F05A6F991BC9}.Editor.Debug|UWP_x64.ActiveCfg = Debug|Any CPU
		{E9B47E88-802C-45E4-BFF4-F05A6F991BC9}.Editor.Debug|Win32.ActiveCfg = Debug|Any CPU
		{E9B47E88-802C-45E4-BFF4-F05A6F991BC9}.Editor.Debug|Win64.ActiveCfg = Debug|Any CPU
		{E9B47E88-802C-45E4-BFF4-F05A6F991BC9}.Editor.Debug|XboxOne.ActiveCfg = Debug|Any CPU
		{E9B47E88-802C-45E4-BFF4-F05A6F991BC9}.Editor.Development|Any CPU.ActiveCfg = Debug|Any CPU
		{E9B47E88-802C-45E4-BFF4-F05A6F991BC9}.Editor.Development|UWP_x64.ActiveCfg = Debug|Any CPU
		{E9B47E88-802C-45E4-BFF4-F05A6F991BC9}.Editor.Development|Win32.ActiveCfg = Debug|Any CPU
		{E9B47E88-802C-45E4-BFF4-F05A6F991BC9}.Editor.Development|Win64.ActiveCfg = Debug|Any CPU
		{E9B47E88-802C-45E4-BFF4-F05A6F991BC9}.Editor.Development|XboxOne.ActiveCfg = Debug|Any CPU
		{E9B47E88-802C-45E4-BFF4-F05A6F991BC9}.Editor.Release|Any CPU.ActiveCfg = Debug|Any CPU
		{E9B47E88-802C-45E4-BFF4-F05A6F991BC9}.Editor.Release|UWP_x64.ActiveCfg = Debug|Any CPU
		{E9B47E88-802C-45E4-BFF4-F05A6F991BC9}.Editor.Release|Win32.ActiveCfg = Debug|Any CPU
		{E9B47E88-802C-45E4-BFF4-F05A6F991BC9}.Editor.Release|Win64.ActiveCfg = Debug|Any CPU
		{E9B47E88-802C-45E4-BFF4-F05A6F991BC9}.Editor.Release|XboxOne.ActiveCfg = Debug|Any CPU
		{E9B47E88-802C-45E4-BFF4-F05A6F991BC9}.Game.Debug|Any CPU.ActiveCfg = Debug|Any CPU
		{E9B47E88-802C-45E4-BFF4-F05A6F991BC9}.Game.Debug|UWP_x64.ActiveCfg = Debug|Any CPU
		{E9B47E88-802C-45E4-BFF4-F05A6F991BC9}.Game.Debug|Win32.ActiveCfg = Debug|Any CPU
		{E9B47E88-802C-45E4-BFF4-F05A6F991BC9}.Game.Debug|Win64.ActiveCfg = Debug|Any CPU
		{E9B47E88-802C-45E4-BFF4-F05A6F991BC9}.Game.Debug|XboxOne.ActiveCfg = Debug|Any CPU
		{E9B47E88-802C-45E4-BFF4-F05A6F991BC9}.Game.Development|Any CPU.ActiveCfg = Debug|Any CPU
		{E9B47E88-802C-45E4-BFF4-F05A6F991BC9}.Game.Development|UWP_x64.ActiveCfg = Debug|Any CPU
		{E9B47E88-802C-45E4-BFF4-F05A6F991BC9}.Game.Development|Win32.ActiveCfg = Debug|Any CPU
		{E9B47E88-802C-45E4-BFF4-F05A6F991BC9}.Game.Development|Win64.ActiveCfg = Debug|Any CPU
		{E9B47E88-802C-45E4-BFF4-F05A6F991BC9}.Game.Development|XboxOne.ActiveCfg = Debug|Any CPU
		{E9B47E88-802C-45E4-BFF4-F05A6F991BC9}.Game.Release|Any CPU.ActiveCfg = Debug|Any CPU
		{E9B47E88-802C-45E4-BFF4-F05A6F991BC9}.Game.Release|UWP_x64.ActiveCfg = Debug|Any CPU
		{E9B47E88-802C-45E4-BFF4-F05A6F991BC9}.Game.Release|Win32.ActiveCfg = Debug|Any CPU
		{E9B47E88-802C-45E4-BFF4-F05A6F991BC9}.Game.Release|Win64.ActiveCfg = Debug|Any CPU
		{E9B47E88-802C-45E4-BFF4-F05A6F991BC9}.Game.Release|XboxOne.ActiveCfg = Debug|Any CPU
		{E9B47E88-802C-45E4-BFF4-F05A6F991BC9}.Release|Any CPU.ActiveCfg = Release|Any CPU
		{E9B47E88-802C-45E4-BFF4-F05A6F991BC9}.Release|UWP_x64.ActiveCfg = Debug|Any CPU
		{E9B47E88-802C-45E4-BFF4-F05A6F991BC9}.Release|Win32.ActiveCfg = Debug|Any CPU
		{E9B47E88-802C-45E4-BFF4-F05A6F991BC9}.Release|Win64.ActiveCfg = Debug|Any CPU
		{E9B47E88-802C-45E4-BFF4-F05A6F991BC9}.Release|XboxOne.ActiveCfg = Debug|Any CPU
		{4AAED6A2-38B1-4A31-AB04-9264A94A8ECA}.Debug|Any CPU.ActiveCfg = Debug|Any CPU
		{4AAED6A2-38B1-4A31-AB04-9264A94A8ECA}.Debug|UWP_x64.ActiveCfg = Debug|Any CPU
		{4AAED6A2-38B1-4A31-AB04-9264A94A8ECA}.Debug|Win32.ActiveCfg = Debug|Any CPU
		{4AAED6A2-38B1-4A31-AB04-9264A94A8ECA}.Debug|Win64.ActiveCfg = Debug|Any CPU
		{4AAED6A2-38B1-4A31-AB04-9264A94A8ECA}.Debug|XboxOne.ActiveCfg = Debug|Any CPU
		{4AAED6A2-38B1-4A31-AB04-9264A94A8ECA}.Editor.Debug|Any CPU.ActiveCfg = Debug|Any CPU
		{4AAED6A2-38B1-4A31-AB04-9264A94A8ECA}.Editor.Debug|UWP_x64.ActiveCfg = Debug|Any CPU
		{4AAED6A2-38B1-4A31-AB04-9264A94A8ECA}.Editor.Debug|Win32.ActiveCfg = Debug|Any CPU
		{4AAED6A2-38B1-4A31-AB04-9264A94A8ECA}.Editor.Debug|Win64.ActiveCfg = Debug|Any CPU
		{4AAED6A2-38B1-4A31-AB04-9264A94A8ECA}.Editor.Debug|XboxOne.ActiveCfg = Debug|Any CPU
		{4AAED6A2-38B1-4A31-AB04-9264A94A8ECA}.Editor.Development|Any CPU.ActiveCfg = Debug|Any CPU
		{4AAED6A2-38B1-4A31-AB04-9264A94A8ECA}.Editor.Development|UWP_x64.ActiveCfg = Debug|Any CPU
		{4AAED6A2-38B1-4A31-AB04-9264A94A8ECA}.Editor.Development|Win32.ActiveCfg = Debug|Any CPU
		{4AAED6A2-38B1-4A31-AB04-9264A94A8ECA}.Editor.Development|Win64.ActiveCfg = Debug|Any CPU
		{4AAED6A2-38B1-4A31-AB04-9264A94A8ECA}.Editor.Development|XboxOne.ActiveCfg = Debug|Any CPU
		{4AAED6A2-38B1-4A31-AB04-9264A94A8ECA}.Editor.Release|Any CPU.ActiveCfg = Debug|Any CPU
		{4AAED6A2-38B1-4A31-AB04-9264A94A8ECA}.Editor.Release|UWP_x64.ActiveCfg = Debug|Any CPU
		{4AAED6A2-38B1-4A31-AB04-9264A94A8ECA}.Editor.Release|Win32.ActiveCfg = Debug|Any CPU
		{4AAED6A2-38B1-4A31-AB04-9264A94A8ECA}.Editor.Release|Win64.ActiveCfg = Debug|Any CPU
		{4AAED6A2-38B1-4A31-AB04-9264A94A8ECA}.Editor.Release|XboxOne.ActiveCfg = Debug|Any CPU
		{4AAED6A2-38B1-4A31-AB04-9264A94A8ECA}.Game.Debug|Any CPU.ActiveCfg = Debug|Any CPU
		{4AAED6A2-38B1-4A31-AB04-9264A94A8ECA}.Game.Debug|UWP_x64.ActiveCfg = Debug|Any CPU
		{4AAED6A2-38B1-4A31-AB04-9264A94A8ECA}.Game.Debug|Win32.ActiveCfg = Debug|Any CPU
		{4AAED6A2-38B1-4A31-AB04-9264A94A8ECA}.Game.Debug|Win64.ActiveCfg = Debug|Any CPU
		{4AAED6A2-38B1-4A31-AB04-9264A94A8ECA}.Game.Debug|XboxOne.ActiveCfg = Debug|Any CPU
		{4AAED6A2-38B1-4A31-AB04-9264A94A8ECA}.Game.Development|Any CPU.ActiveCfg = Debug|Any CPU
		{4AAED6A2-38B1-4A31-AB04-9264A94A8ECA}.Game.Development|UWP_x64.ActiveCfg = Debug|Any CPU
		{4AAED6A2-38B1-4A31-AB04-9264A94A8ECA}.Game.Development|Win32.ActiveCfg = Debug|Any CPU
		{4AAED6A2-38B1-4A31-AB04-9264A94A8ECA}.Game.Development|Win64.ActiveCfg = Debug|Any CPU
		{4AAED6A2-38B1-4A31-AB04-9264A94A8ECA}.Game.Development|XboxOne.ActiveCfg = Debug|Any CPU
		{4AAED6A2-38B1-4A31-AB04-9264A94A8ECA}.Game.Release|Any CPU.ActiveCfg = Debug|Any CPU
		{4AAED6A2-38B1-4A31-AB04-9264A94A8ECA}.Game.Release|UWP_x64.ActiveCfg = Debug|Any CPU
		{4AAED6A2-38B1-4A31-AB04-9264A94A8ECA}.Game.Release|Win32.ActiveCfg = Debug|Any CPU
		{4AAED6A2-38B1-4A31-AB04-9264A94A8ECA}.Game.Release|Win64.ActiveCfg = Debug|Any CPU
		{4AAED6A2-38B1-4A31-AB04-9264A94A8ECA}.Game.Release|XboxOne.ActiveCfg = Debug|Any CPU
		{4AAED6A2-38B1-4A31-AB04-9264A94A8ECA}.Release|Any CPU.ActiveCfg = Release|Any CPU
		{4AAED6A2-38B1-4A31-AB04-9264A94A8ECA}.Release|UWP_x64.ActiveCfg = Debug|Any CPU
		{4AAED6A2-38B1-4A31-AB04-9264A94A8ECA}.Release|Win32.ActiveCfg = Debug|Any CPU
		{4AAED6A2-38B1-4A31-AB04-9264A94A8ECA}.Release|Win64.ActiveCfg = Debug|Any CPU
		{4AAED6A2-38B1-4A31-AB04-9264A94A8ECA}.Release|XboxOne.ActiveCfg = Debug|Any CPU
		{6221A2BF-4782-4B69-8873-C0D517EE9194}.Debug|Any CPU.ActiveCfg = Debug|Any CPU
		{6221A2BF-4782-4B69-8873-C0D517EE9194}.Debug|UWP_x64.ActiveCfg = Debug|Any CPU
		{6221A2BF-4782-4B69-8873-C0D517EE9194}.Debug|Win32.ActiveCfg = Debug|Any CPU
		{6221A2BF-4782-4B69-8873-C0D517EE9194}.Debug|Win64.ActiveCfg = Debug|Any CPU
		{6221A2BF-4782-4B69-8873-C0D517EE9194}.Debug|XboxOne.ActiveCfg = Debug|Any CPU
		{6221A2BF-4782-4B69-8873-C0D517EE9194}.Editor.Debug|Any CPU.ActiveCfg = Debug|Any CPU
		{6221A2BF-4782-4B69-8873-C0D517EE9194}.Editor.Debug|UWP_x64.ActiveCfg = Debug|Any CPU
		{6221A2BF-4782-4B69-8873-C0D517EE9194}.Editor.Debug|Win32.ActiveCfg = Debug|Any CPU
		{6221A2BF-4782-4B69-8873-C0D517EE9194}.Editor.Debug|Win64.ActiveCfg = Debug|Any CPU
		{6221A2BF-4782-4B69-8873-C0D517EE9194}.Editor.Debug|XboxOne.ActiveCfg = Debug|Any CPU
		{6221A2BF-4782-4B69-8873-C0D517EE9194}.Editor.Development|Any CPU.ActiveCfg = Debug|Any CPU
		{6221A2BF-4782-4B69-8873-C0D517EE9194}.Editor.Development|UWP_x64.ActiveCfg = Debug|Any CPU
		{6221A2BF-4782-4B69-8873-C0D517EE9194}.Editor.Development|Win32.ActiveCfg = Debug|Any CPU
		{6221A2BF-4782-4B69-8873-C0D517EE9194}.Editor.Development|Win64.ActiveCfg = Debug|Any CPU
		{6221A2BF-4782-4B69-8873-C0D517EE9194}.Editor.Development|XboxOne.ActiveCfg = Debug|Any CPU
		{6221A2BF-4782-4B69-8873-C0D517EE9194}.Editor.Release|Any CPU.ActiveCfg = Debug|Any CPU
		{6221A2BF-4782-4B69-8873-C0D517EE9194}.Editor.Release|UWP_x64.ActiveCfg = Debug|Any CPU
		{6221A2BF-4782-4B69-8873-C0D517EE9194}.Editor.Release|Win32.ActiveCfg = Debug|Any CPU
		{6221A2BF-4782-4B69-8873-C0D517EE9194}.Editor.Release|Win64.ActiveCfg = Debug|Any CPU
		{6221A2BF-4782-4B69-8873-C0D517EE9194}.Editor.Release|XboxOne.ActiveCfg = Debug|Any CPU
		{6221A2BF-4782-4B69-8873-C0D517EE9194}.Game.Debug|Any CPU.ActiveCfg = Debug|Any CPU
		{6221A2BF-4782-4B69-8873-C0D517EE9194}.Game.Debug|UWP_x64.ActiveCfg = Debug|Any CPU
		{6221A2BF-4782-4B69-8873-C0D517EE9194}.Game.Debug|Win32.ActiveCfg = Debug|Any CPU
		{6221A2BF-4782-4B69-8873-C0D517EE9194}.Game.Debug|Win64.ActiveCfg = Debug|Any CPU
		{6221A2BF-4782-4B69-8873-C0D517EE9194}.Game.Debug|XboxOne.ActiveCfg = Debug|Any CPU
		{6221A2BF-4782-4B69-8873-C0D517EE9194}.Game.Development|Any CPU.ActiveCfg = Debug|Any CPU
		{6221A2BF-4782-4B69-8873-C0D517EE9194}.Game.Development|UWP_x64.ActiveCfg = Debug|Any CPU
		{6221A2BF-4782-4B69-8873-C0D517EE9194}.Game.Development|Win32.ActiveCfg = Debug|Any CPU
		{6221A2BF-4782-4B69-8873-C0D517EE9194}.Game.Development|Win64.ActiveCfg = Debug|Any CPU
		{6221A2BF-4782-4B69-8873-C0D517EE9194}.Game.Development|XboxOne.ActiveCfg = Debug|Any CPU
		{6221A2BF-4782-4B69-8873-C0D517EE9194}.Game.Release|Any CPU.ActiveCfg = Debug|Any CPU
		{6221A2BF-4782-4B69-8873-C0D517EE9194}.Game.Release|UWP_x64.ActiveCfg = Debug|Any CPU
		{6221A2BF-4782-4B69-8873-C0D517EE9194}.Game.Release|Win32.ActiveCfg = Debug|Any CPU
		{6221A2BF-4782-4B69-8873-C0D517EE9194}.Game.Release|Win64.ActiveCfg = Debug|Any CPU
		{6221A2BF-4782-4B69-8873-C0D517EE9194}.Game.Release|XboxOne.ActiveCfg = Debug|Any CPU
		{6221A2BF-4782-4B69-8873-C0D517EE9194}.Release|Any CPU.ActiveCfg = Debug|Any CPU
		{6221A2BF-4782-4B69-8873-C0D517EE9194}.Release|UWP_x64.ActiveCfg = Debug|Any CPU
		{6221A2BF-4782-4B69-8873-C0D517EE9194}.Release|Win32.ActiveCfg = Debug|Any CPU
		{6221A2BF-4782-4B69-8873-C0D517EE9194}.Release|Win64.ActiveCfg = Debug|Any CPU
		{6221A2BF-4782-4B69-8873-C0D517EE9194}.Release|XboxOne.ActiveCfg = Debug|Any CPU
	EndGlobalSection
	GlobalSection(SolutionProperties) = preSolution
		HideSolutionNode = FALSE
	EndGlobalSection
	GlobalSection(NestedProjects) = preSolution
		{EFABBD5D-2086-47F4-B15F-2B4C6E3B5EC4} = {B36B0142-E859-417E-9CA3-2800F4503429}
		{D229445F-0F80-4229-9A91-5EEF13ED28CF} = {B36B0142-E859-417E-9CA3-2800F4503429}
		{C99AAF92-D4AD-4847-9EE0-B11E68E93E1E} = {EFABBD5D-2086-47F4-B15F-2B4C6E3B5EC4}
		{3FB235A6-ADFF-415E-92B8-E810DA981A02} = {EFABBD5D-2086-47F4-B15F-2B4C6E3B5EC4}
		{E9B47E88-802C-45E4-BFF4-F05A6F991BC9} = {EFABBD5D-2086-47F4-B15F-2B4C6E3B5EC4}
		{4AAED6A2-38B1-4A31-AB04-9264A94A8ECA} = {EFABBD5D-2086-47F4-B15F-2B4C6E3B5EC4}
	EndGlobalSection
	GlobalSection(ExtensibilityGlobals) = postSolution
		SolutionGuid = {295BE643-8CFB-414D-9BBC-A8EE2451BF9F}
	EndGlobalSection
EndGlobal
